// !$*UTF8*$!
{
	archiveVersion = 1;
	classes = {
	};
	objectVersion = 46;
	objects = {

/* Begin PBXBuildFile section */
		3DE541D11DF4945C00CBC780 /* AppDelegate.swift in Sources */ = {isa = PBXBuildFile; fileRef = 3DE541D01DF4945C00CBC780 /* AppDelegate.swift */; };
		3DE541D31DF4945C00CBC780 /* ViewController.swift in Sources */ = {isa = PBXBuildFile; fileRef = 3DE541D21DF4945C00CBC780 /* ViewController.swift */; };
		3DE541D61DF4945C00CBC780 /* Main.storyboard in Resources */ = {isa = PBXBuildFile; fileRef = 3DE541D41DF4945C00CBC780 /* Main.storyboard */; };
		3DE541D81DF4945C00CBC780 /* Assets.xcassets in Resources */ = {isa = PBXBuildFile; fileRef = 3DE541D71DF4945C00CBC780 /* Assets.xcassets */; };
		3DE541DB1DF4945C00CBC780 /* LaunchScreen.storyboard in Resources */ = {isa = PBXBuildFile; fileRef = 3DE541D91DF4945C00CBC780 /* LaunchScreen.storyboard */; };
/* End PBXBuildFile section */

/* Begin PBXFileReference section */
		3DE541CD1DF4945C00CBC780 /* thirdTry.app */ = {isa = PBXFileReference; explicitFileType = wrapper.application; includeInIndex = 0; path = thirdTry.app; sourceTree = BUILT_PRODUCTS_DIR; };
		3DE541D01DF4945C00CBC780 /* AppDelegate.swift */ = {isa = PBXFileReference; lastKnownFileType = sourcecode.swift; path = AppDelegate.swift; sourceTree = "<group>"; };
		3DE541D21DF4945C00CBC780 /* ViewController.swift */ = {isa = PBXFileReference; lastKnownFileType = sourcecode.swift; path = ViewController.swift; sourceTree = "<group>"; };
		3DE541D51DF4945C00CBC780 /* Base */ = {isa = PBXFileReference; lastKnownFileType = file.storyboard; name = Base; path = Base.lproj/Main.storyboard; sourceTree = "<group>"; };
		3DE541D71DF4945C00CBC780 /* Assets.xcassets */ = {isa = PBXFileReference; lastKnownFileType = folder.assetcatalog; path = Assets.xcassets; sourceTree = "<group>"; };
		3DE541DA1DF4945C00CBC780 /* Base */ = {isa = PBXFileReference; lastKnownFileType = file.storyboard; name = Base; path = Base.lproj/LaunchScreen.storyboard; sourceTree = "<group>"; };
		3DE541DC1DF4945C00CBC780 /* Info.plist */ = {isa = PBXFileReference; lastKnownFileType = text.plist.xml; path = Info.plist; sourceTree = "<group>"; };
/* End PBXFileReference section */

/* Begin PBXFrameworksBuildPhase section */
		3DE541CA1DF4945B00CBC780 /* Frameworks */ = {
			isa = PBXFrameworksBuildPhase;
			buildActionMask = 2147483647;
			files = (
			);
			runOnlyForDeploymentPostprocessing = 0;
		};
/* End PBXFrameworksBuildPhase section */

/* Begin PBXGroup section */
		3DE541C41DF4945B00CBC780 = {
			isa = PBXGroup;
			children = (
				3DE541CF1DF4945C00CBC780 /* thirdTry */,
				3DE541CE1DF4945C00CBC780 /* Products */,
			);
			sourceTree = "<group>";
		};
		3DE541CE1DF4945C00CBC780 /* Products */ = {
			isa = PBXGroup;
			children = (
				3DE541CD1DF4945C00CBC780 /* thirdTry.app */,
			);
			name = Products;
			sourceTree = "<group>";
		};
		3DE541CF1DF4945C00CBC780 /* thirdTry */ = {
			isa = PBXGroup;
			children = (
				3DE541D01DF4945C00CBC780 /* AppDelegate.swift */,
				3DE541D21DF4945C00CBC780 /* ViewController.swift */,
				3DE541D41DF4945C00CBC780 /* Main.storyboard */,
				3DE541D71DF4945C00CBC780 /* Assets.xcassets */,
				3DE541D91DF4945C00CBC780 /* LaunchScreen.storyboard */,
				3DE541DC1DF4945C00CBC780 /* Info.plist */,
			);
			path = thirdTry;
			sourceTree = "<group>";
		};
/* End PBXGroup section */

/* Begin PBXNativeTarget section */
		3DE541CC1DF4945B00CBC780 /* thirdTry */ = {
			isa = PBXNativeTarget;
			buildConfigurationList = 3DE541DF1DF4945C00CBC780 /* Build configuration list for PBXNativeTarget "thirdTry" */;
			buildPhases = (
				3DE541C91DF4945B00CBC780 /* Sources */,
				3DE541CA1DF4945B00CBC780 /* Frameworks */,
				3DE541CB1DF4945B00CBC780 /* Resources */,
			);
			buildRules = (
			);
			dependencies = (
			);
			name = thirdTry;
			productName = thirdTry;
			productReference = 3DE541CD1DF4945C00CBC780 /* thirdTry.app */;
			productType = "com.apple.product-type.application";
		};
/* End PBXNativeTarget section */

/* Begin PBXProject section */
		3DE541C51DF4945B00CBC780 /* Project object */ = {
			isa = PBXProject;
			attributes = {
				LastSwiftUpdateCheck = 0810;
				LastUpgradeCheck = 0810;
				ORGANIZATIONNAME = "West Kraemer";
				TargetAttributes = {
					3DE541CC1DF4945B00CBC780 = {
						CreatedOnToolsVersion = 8.1;
						ProvisioningStyle = Automatic;
					};
				};
			};
			buildConfigurationList = 3DE541C81DF4945B00CBC780 /* Build configuration list for PBXProject "thirdTry" */;
			compatibilityVersion = "Xcode 3.2";
			developmentRegion = English;
			hasScannedForEncodings = 0;
			knownRegions = (
				en,
				Base,
			);
			mainGroup = 3DE541C41DF4945B00CBC780;
			productRefGroup = 3DE541CE1DF4945C00CBC780 /* Products */;
			projectDirPath = "";
			projectRoot = "";
			targets = (
				3DE541CC1DF4945B00CBC780 /* thirdTry */,
			);
		};
/* End PBXProject section */

/* Begin PBXResourcesBuildPhase section */
		3DE541CB1DF4945B00CBC780 /* Resources */ = {
			isa = PBXResourcesBuildPhase;
			buildActionMask = 2147483647;
			files = (
				3DE541DB1DF4945C00CBC780 /* LaunchScreen.storyboard in Resources */,
				3DE541D81DF4945C00CBC780 /* Assets.xcassets in Resources */,
				3DE541D61DF4945C00CBC780 /* Main.storyboard in Resources */,
			);
			runOnlyForDeploymentPostprocessing = 0;
		};
/* End PBXResourcesBuildPhase section */

/* Begin PBXSourcesBuildPhase section */
		3DE541C91DF4945B00CBC780 /* Sources */ = {
			isa = PBXSourcesBuildPhase;
			buildActionMask = 2147483647;
			files = (
				3DE541D31DF4945C00CBC780 /* ViewController.swift in Sources */,
				3DE541D11DF4945C00CBC780 /* AppDelegate.swift in Sources */,
			);
			runOnlyForDeploymentPostprocessing = 0;
		};
/* End PBXSourcesBuildPhase section */

/* Begin PBXVariantGroup section */
		3DE541D41DF4945C00CBC780 /* Main.storyboard */ = {
			isa = PBXVariantGroup;
			children = (
				3DE541D51DF4945C00CBC780 /* Base */,
			);
			name = Main.storyboard;
			sourceTree = "<group>";
		};
		3DE541D91DF4945C00CBC780 /* LaunchScreen.storyboard */ = {
			isa = PBXVariantGroup;
			children = (
				3DE541DA1DF4945C00CBC780 /* Base */,
			);
			name = LaunchScreen.storyboard;
			sourceTree = "<group>";
		};
/* End PBXVariantGroup section */

/* Begin XCBuildConfiguration section */
		3DE541DD1DF4945C00CBC780 /* Debug */ = {
			isa = XCBuildConfiguration;
			buildSettings = {
				ALWAYS_SEARCH_USER_PATHS = NO;
				CLANG_ANALYZER_NONNULL = YES;
				CLANG_CXX_LANGUAGE_STANDARD = "gnu++0x";
				CLANG_CXX_LIBRARY = "libc++";
				CLANG_ENABLE_MODULES = YES;
				CLANG_ENABLE_OBJC_ARC = YES;
				CLANG_WARN_BOOL_CONVERSION = YES;
				CLANG_WARN_CONSTANT_CONVERSION = YES;
				CLANG_WARN_DIRECT_OBJC_ISA_USAGE = YES_ERROR;
				CLANG_WARN_DOCUMENTATION_COMMENTS = YES;
				CLANG_WARN_EMPTY_BODY = YES;
				CLANG_WARN_ENUM_CONVERSION = YES;
				CLANG_WARN_INFINITE_RECURSION = YES;
				CLANG_WARN_INT_CONVERSION = YES;
				CLANG_WARN_OBJC_ROOT_CLASS = YES_ERROR;
				CLANG_WARN_SUSPICIOUS_MOVES = YES;
				CLANG_WARN_UNREACHABLE_CODE = YES;
				CLANG_WARN__DUPLICATE_METHOD_MATCH = YES;
				"CODE_SIGN_IDENTITY[sdk=iphoneos*]" = "iPhone Developer";
				COPY_PHASE_STRIP = NO;
				DEBUG_INFORMATION_FORMAT = dwarf;
				ENABLE_STRICT_OBJC_MSGSEND = YES;
				ENABLE_TESTABILITY = YES;
				GCC_C_LANGUAGE_STANDARD = gnu99;
				GCC_DYNAMIC_NO_PIC = NO;
				GCC_NO_COMMON_BLOCKS = YES;
				GCC_OPTIMIZATION_LEVEL = 0;
				GCC_PREPROCESSOR_DEFINITIONS = (
					"DEBUG=1",
					"$(inherited)",
				);
				GCC_WARN_64_TO_32_BIT_CONVERSION = YES;
				GCC_WARN_ABOUT_RETURN_TYPE = YES_ERROR;
				GCC_WARN_UNDECLARED_SELECTOR = YES;
				GCC_WARN_UNINITIALIZED_AUTOS = YES_AGGRESSIVE;
				GCC_WARN_UNUSED_FUNCTION = YES;
				GCC_WARN_UNUSED_VARIABLE = YES;
				IPHONEOS_DEPLOYMENT_TARGET = 10.1;
				MTL_ENABLE_DEBUG_INFO = YES;
				ONLY_ACTIVE_ARCH = YES;
				SDKROOT = iphoneos;
				SWIFT_ACTIVE_COMPILATION_CONDITIONS = DEBUG;
				SWIFT_OPTIMIZATION_LEVEL = "-Onone";
			};
			name = Debug;
		};
		3DE541DE1DF4945C00CBC780 /* Release */ = {
			isa = XCBuildConfiguration;
			buildSettings = {
				ALWAYS_SEARCH_USER_PATHS = NO;
				CLANG_ANALYZER_NONNULL = YES;
				CLANG_CXX_LANGUAGE_STANDARD = "gnu++0x";
				CLANG_CXX_LIBRARY = "libc++";
				CLANG_ENABLE_MODULES = YES;
				CLANG_ENABLE_OBJC_ARC = YES;
				CLANG_WARN_BOOL_CONVERSION = YES;
				CLANG_WARN_CONSTANT_CONVERSION = YES;
				CLANG_WARN_DIRECT_OBJC_ISA_USAGE = YES_ERROR;
				CLANG_WARN_DOCUMENTATION_COMMENTS = YES;
				CLANG_WARN_EMPTY_BODY = YES;
				CLANG_WARN_ENUM_CONVERSION = YES;
				CLANG_WARN_INFINITE_RECURSION = YES;
				CLANG_WARN_INT_CONVERSION = YES;
				CLANG_WARN_OBJC_ROOT_CLASS = YES_ERROR;
				CLANG_WARN_SUSPICIOUS_MOVES = YES;
				CLANG_WARN_UNREACHABLE_CODE = YES;
				CLANG_WARN__DUPLICATE_METHOD_MATCH = YES;
				"CODE_SIGN_IDENTITY[sdk=iphoneos*]" = "iPhone Developer";
				COPY_PHASE_STRIP = NO;
				DEBUG_INFORMATION_FORMAT = "dwarf-with-dsym";
				ENABLE_NS_ASSERTIONS = NO;
				ENABLE_STRICT_OBJC_MSGSEND = YES;
				GCC_C_LANGUAGE_STANDARD = gnu99;
				GCC_NO_COMMON_BLOCKS = YES;
				GCC_WARN_64_TO_32_BIT_CONVERSION = YES;
				GCC_WARN_ABOUT_RETURN_TYPE = YES_ERROR;
				GCC_WARN_UNDECLARED_SELECTOR = YES;
				GCC_WARN_UNINITIALIZED_AUTOS = YES_AGGRESSIVE;
				GCC_WARN_UNUSED_FUNCTION = YES;
				GCC_WARN_UNUSED_VARIABLE = YES;
				IPHONEOS_DEPLOYMENT_TARGET = 10.1;
				MTL_ENABLE_DEBUG_INFO = NO;
				SDKROOT = iphoneos;
				SWIFT_OPTIMIZATION_LEVEL = "-Owholemodule";
				VALIDATE_PRODUCT = YES;
			};
			name = Release;
		};
		3DE541E01DF4945C00CBC780 /* Debug */ = {
			isa = XCBuildConfiguration;
			buildSettings = {
				ASSETCATALOG_COMPILER_APPICON_NAME = AppIcon;
				INFOPLIST_FILE = thirdTry/Info.plist;
				LD_RUNPATH_SEARCH_PATHS = "$(inherited) @executable_path/Frameworks";
				PRODUCT_BUNDLE_IDENTIFIER = com.example.thirdTry;
				PRODUCT_NAME = "$(TARGET_NAME)";
				SWIFT_VERSION = 3.0;
			};
			name = Debug;
		};
		3DE541E11DF4945C00CBC780 /* Release */ = {
			isa = XCBuildConfiguration;
			buildSettings = {
				ASSETCATALOG_COMPILER_APPICON_NAME = AppIcon;
				INFOPLIST_FILE = thirdTry/Info.plist;
				LD_RUNPATH_SEARCH_PATHS = "$(inherited) @executable_path/Frameworks";
				PRODUCT_BUNDLE_IDENTIFIER = com.example.thirdTry;
				PRODUCT_NAME = "$(TARGET_NAME)";
				SWIFT_VERSION = 3.0;
			};
			name = Release;
		};
/* End XCBuildConfiguration section */

/* Begin XCConfigurationList section */
		3DE541C81DF4945B00CBC780 /* Build configuration list for PBXProject "thirdTry" */ = {
			isa = XCConfigurationList;
			buildConfigurations = (
				3DE541DD1DF4945C00CBC780 /* Debug */,
				3DE541DE1DF4945C00CBC780 /* Release */,
			);
			defaultConfigurationIsVisible = 0;
			defaultConfigurationName = Release;
		};
		3DE541DF1DF4945C00CBC780 /* Build configuration list for PBXNativeTarget "thirdTry" */ = {
			isa = XCConfigurationList;
			buildConfigurations = (
				3DE541E01DF4945C00CBC780 /* Debug */,
				3DE541E11DF4945C00CBC780 /* Release */,
			);
			defaultConfigurationIsVisible = 0;
		};
/* End XCConfigurationList section */
	};
	rootObject = 3DE541C51DF4945B00CBC780 /* Project object */;
}
